
Microsoft Visual Studio Solution File, Format Version 12.00
# Visual Studio Version 16
VisualStudioVersion = 16.0.32510.428
MinimumVisualStudioVersion = 10.0.40219.1
Project("{FAE04EC0-301F-11D3-BF4B-00C04F79EFBC}") = "Back2", "Back2\Back2.csproj", "{753CF805-EF6D-4A65-A6C9-AC80273AFC9C}"
EndProject
Global
	GlobalSection(SolutionConfigurationPlatforms) = preSolution
		Debug|Any CPU = Debug|Any CPU
		Release|Any CPU = Release|Any CPU
	EndGlobalSection
	GlobalSection(ProjectConfigurationPlatforms) = postSolution
		{753CF805-EF6D-4A65-A6C9-AC80273AFC9C}.Debug|Any CPU.ActiveCfg = Debug|Any CPU
		{753CF805-EF6D-4A65-A6C9-AC80273AFC9C}.Debug|Any CPU.Build.0 = Debug|Any CPU
		{753CF805-EF6D-4A65-A6C9-AC80273AFC9C}.Release|Any CPU.ActiveCfg = Release|Any CPU
		{753CF805-EF6D-4A65-A6C9-AC80273AFC9C}.Release|Any CPU.Build.0 = Release|Any CPU
	EndGlobalSection
	GlobalSection(SolutionProperties) = preSolution
		HideSolutionNode = FALSE
	EndGlobalSection
	GlobalSection(ExtensibilityGlobals) = postSolution
		SolutionGuid = {D0804F11-FC74-40A3-A236-86A6E717946C}
	EndGlobalSection
EndGlobal
